
Microsoft Visual Studio Solution File, Format Version 12.00
# Visual Studio Version 16
VisualStudioVersion = 16.0.30523.141
MinimumVisualStudioVersion = 10.0.40219.1
Project("{9A19103F-16F7-4668-BE54-9A1E7A4F7556}") = "StopWatchStackOverFlowProject", "StopWatchStackOverFlow\StopWatchStackOverFlowProject.csproj", "{AB156817-0B92-4210-AF13-15B3B852401C}"
EndProject
Global
	GlobalSection(SolutionConfigurationPlatforms) = preSolution
		Debug|Any CPU = Debug|Any CPU
		Release|Any CPU = Release|Any CPU
	EndGlobalSection
	GlobalSection(ProjectConfigurationPlatforms) = postSolution
		{AB156817-0B92-4210-AF13-15B3B852401C}.Debug|Any CPU.ActiveCfg = Debug|Any CPU
		{AB156817-0B92-4210-AF13-15B3B852401C}.Debug|Any CPU.Build.0 = Debug|Any CPU
		{AB156817-0B92-4210-AF13-15B3B852401C}.Release|Any CPU.ActiveCfg = Release|Any CPU
		{AB156817-0B92-4210-AF13-15B3B852401C}.Release|Any CPU.Build.0 = Release|Any CPU
	EndGlobalSection
	GlobalSection(SolutionProperties) = preSolution
		HideSolutionNode = FALSE
	EndGlobalSection
	GlobalSection(ExtensibilityGlobals) = postSolution
		SolutionGuid = {10B1C330-6590-4DF2-A399-F2FE4AD6F639}
	EndGlobalSection
EndGlobal
