
Microsoft Visual Studio Solution File, Format Version 12.00
# Visual Studio Version 16
VisualStudioVersion = 16.0.30523.141
MinimumVisualStudioVersion = 10.0.40219.1
Project("{FAE04EC0-301F-11D3-BF4B-00C04F79EFBC}") = "Udemy", "Udemy\Udemy.csproj", "{95910C5E-88F8-447C-B57A-0B15C9E7057B}"
EndProject
Global
	GlobalSection(SolutionConfigurationPlatforms) = preSolution
		Debug|Any CPU = Debug|Any CPU
		Release|Any CPU = Release|Any CPU
	EndGlobalSection
	GlobalSection(ProjectConfigurationPlatforms) = postSolution
		{95910C5E-88F8-447C-B57A-0B15C9E7057B}.Debug|Any CPU.ActiveCfg = Debug|Any CPU
		{95910C5E-88F8-447C-B57A-0B15C9E7057B}.Debug|Any CPU.Build.0 = Debug|Any CPU
		{95910C5E-88F8-447C-B57A-0B15C9E7057B}.Release|Any CPU.ActiveCfg = Release|Any CPU
		{95910C5E-88F8-447C-B57A-0B15C9E7057B}.Release|Any CPU.Build.0 = Release|Any CPU
	EndGlobalSection
	GlobalSection(SolutionProperties) = preSolution
		HideSolutionNode = FALSE
	EndGlobalSection
	GlobalSection(ExtensibilityGlobals) = postSolution
		SolutionGuid = {4DED318E-4CD0-4DAD-993C-6BAF99F54228}
	EndGlobalSection
EndGlobal
